
Microsoft Visual Studio Solution File, Format Version 12.00
# Visual Studio 15
VisualStudioVersion = 15.0.26430.12
MinimumVisualStudioVersion = 10.0.40219.1
Project("{FAE04EC0-301F-11D3-BF4B-00C04F79EFBC}") = "SolitaireModel", "SolitaireModel\SolitaireModel.csproj", "{F4840060-E455-4972-8D27-4A777DDF2F79}"
EndProject
Project("{2150E333-8FDC-42A3-9474-1A3956D46DE8}") = "Test", "Test", "{EC5D5C83-54FC-4A4A-9518-2EA562EF88B3}"
EndProject
Project("{FAE04EC0-301F-11D3-BF4B-00C04F79EFBC}") = "SolitaireModelTest", "SolitaireModelTest\SolitaireModelTest.csproj", "{50DDF727-E04D-44FA-9256-53BB3B9321AA}"
EndProject
Project("{FAE04EC0-301F-11D3-BF4B-00C04F79EFBC}") = "SolitaireViewModelTest", "SolitaireViewModelTest\SolitaireViewModelTest.csproj", "{2219F296-69CC-4905-9850-682F0CABE7B7}"
EndProject
Project("{FAE04EC0-301F-11D3-BF4B-00C04F79EFBC}") = "SolitaireViewTest", "SolitaireViewTest\SolitaireViewTest.csproj", "{092EF03C-D2CA-4CF0-9D76-911BFD4E916C}"
EndProject
Project("{FAE04EC0-301F-11D3-BF4B-00C04F79EFBC}") = "SolitaireViewModel", "SolitaireViewModel\SolitaireViewModel.csproj", "{5658695E-6F30-4FC4-9280-30FB9C408683}"
EndProject
Project("{FAE04EC0-301F-11D3-BF4B-00C04F79EFBC}") = "SolitaireConsole", "SolitaireConsole\SolitaireConsole.csproj", "{271A7FCE-F294-4968-92FA-5EFA5A45D6BD}"
EndProject
Global
	GlobalSection(SolutionConfigurationPlatforms) = preSolution
		Debug|Any CPU = Debug|Any CPU
		Debug|ARM = Debug|ARM
		Debug|x64 = Debug|x64
		Debug|x86 = Debug|x86
		Release|Any CPU = Release|Any CPU
		Release|ARM = Release|ARM
		Release|x64 = Release|x64
		Release|x86 = Release|x86
	EndGlobalSection
	GlobalSection(ProjectConfigurationPlatforms) = postSolution
		{F4840060-E455-4972-8D27-4A777DDF2F79}.Debug|Any CPU.ActiveCfg = Debug|Any CPU
		{F4840060-E455-4972-8D27-4A777DDF2F79}.Debug|Any CPU.Build.0 = Debug|Any CPU
		{F4840060-E455-4972-8D27-4A777DDF2F79}.Debug|ARM.ActiveCfg = Debug|Any CPU
		{F4840060-E455-4972-8D27-4A777DDF2F79}.Debug|ARM.Build.0 = Debug|Any CPU
		{F4840060-E455-4972-8D27-4A777DDF2F79}.Debug|x64.ActiveCfg = Debug|Any CPU
		{F4840060-E455-4972-8D27-4A777DDF2F79}.Debug|x64.Build.0 = Debug|Any CPU
		{F4840060-E455-4972-8D27-4A777DDF2F79}.Debug|x86.ActiveCfg = Debug|Any CPU
		{F4840060-E455-4972-8D27-4A777DDF2F79}.Debug|x86.Build.0 = Debug|Any CPU
		{F4840060-E455-4972-8D27-4A777DDF2F79}.Release|Any CPU.ActiveCfg = Release|Any CPU
		{F4840060-E455-4972-8D27-4A777DDF2F79}.Release|Any CPU.Build.0 = Release|Any CPU
		{F4840060-E455-4972-8D27-4A777DDF2F79}.Release|ARM.ActiveCfg = Release|Any CPU
		{F4840060-E455-4972-8D27-4A777DDF2F79}.Release|ARM.Build.0 = Release|Any CPU
		{F4840060-E455-4972-8D27-4A777DDF2F79}.Release|x64.ActiveCfg = Release|Any CPU
		{F4840060-E455-4972-8D27-4A777DDF2F79}.Release|x64.Build.0 = Release|Any CPU
		{F4840060-E455-4972-8D27-4A777DDF2F79}.Release|x86.ActiveCfg = Release|Any CPU
		{F4840060-E455-4972-8D27-4A777DDF2F79}.Release|x86.Build.0 = Release|Any CPU
		{50DDF727-E04D-44FA-9256-53BB3B9321AA}.Debug|Any CPU.ActiveCfg = Debug|Any CPU
		{50DDF727-E04D-44FA-9256-53BB3B9321AA}.Debug|Any CPU.Build.0 = Debug|Any CPU
		{50DDF727-E04D-44FA-9256-53BB3B9321AA}.Debug|ARM.ActiveCfg = Debug|Any CPU
		{50DDF727-E04D-44FA-9256-53BB3B9321AA}.Debug|ARM.Build.0 = Debug|Any CPU
		{50DDF727-E04D-44FA-9256-53BB3B9321AA}.Debug|x64.ActiveCfg = Debug|Any CPU
		{50DDF727-E04D-44FA-9256-53BB3B9321AA}.Debug|x64.Build.0 = Debug|Any CPU
		{50DDF727-E04D-44FA-9256-53BB3B9321AA}.Debug|x86.ActiveCfg = Debug|Any CPU
		{50DDF727-E04D-44FA-9256-53BB3B9321AA}.Debug|x86.Build.0 = Debug|Any CPU
		{50DDF727-E04D-44FA-9256-53BB3B9321AA}.Release|Any CPU.ActiveCfg = Release|Any CPU
		{50DDF727-E04D-44FA-9256-53BB3B9321AA}.Release|Any CPU.Build.0 = Release|Any CPU
		{50DDF727-E04D-44FA-9256-53BB3B9321AA}.Release|ARM.ActiveCfg = Release|Any CPU
		{50DDF727-E04D-44FA-9256-53BB3B9321AA}.Release|ARM.Build.0 = Release|Any CPU
		{50DDF727-E04D-44FA-9256-53BB3B9321AA}.Release|x64.ActiveCfg = Release|Any CPU
		{50DDF727-E04D-44FA-9256-53BB3B9321AA}.Release|x64.Build.0 = Release|Any CPU
		{50DDF727-E04D-44FA-9256-53BB3B9321AA}.Release|x86.ActiveCfg = Release|Any CPU
		{50DDF727-E04D-44FA-9256-53BB3B9321AA}.Release|x86.Build.0 = Release|Any CPU
		{2219F296-69CC-4905-9850-682F0CABE7B7}.Debug|Any CPU.ActiveCfg = Debug|Any CPU
		{2219F296-69CC-4905-9850-682F0CABE7B7}.Debug|Any CPU.Build.0 = Debug|Any CPU
		{2219F296-69CC-4905-9850-682F0CABE7B7}.Debug|ARM.ActiveCfg = Debug|Any CPU
		{2219F296-69CC-4905-9850-682F0CABE7B7}.Debug|ARM.Build.0 = Debug|Any CPU
		{2219F296-69CC-4905-9850-682F0CABE7B7}.Debug|x64.ActiveCfg = Debug|Any CPU
		{2219F296-69CC-4905-9850-682F0CABE7B7}.Debug|x64.Build.0 = Debug|Any CPU
		{2219F296-69CC-4905-9850-682F0CABE7B7}.Debug|x86.ActiveCfg = Debug|Any CPU
		{2219F296-69CC-4905-9850-682F0CABE7B7}.Debug|x86.Build.0 = Debug|Any CPU
		{2219F296-69CC-4905-9850-682F0CABE7B7}.Release|Any CPU.ActiveCfg = Release|Any CPU
		{2219F296-69CC-4905-9850-682F0CABE7B7}.Release|Any CPU.Build.0 = Release|Any CPU
		{2219F296-69CC-4905-9850-682F0CABE7B7}.Release|ARM.ActiveCfg = Release|Any CPU
		{2219F296-69CC-4905-9850-682F0CABE7B7}.Release|ARM.Build.0 = Release|Any CPU
		{2219F296-69CC-4905-9850-682F0CABE7B7}.Release|x64.ActiveCfg = Release|Any CPU
		{2219F296-69CC-4905-9850-682F0CABE7B7}.Release|x64.Build.0 = Release|Any CPU
		{2219F296-69CC-4905-9850-682F0CABE7B7}.Release|x86.ActiveCfg = Release|Any CPU
		{2219F296-69CC-4905-9850-682F0CABE7B7}.Release|x86.Build.0 = Release|Any CPU
		{092EF03C-D2CA-4CF0-9D76-911BFD4E916C}.Debug|Any CPU.ActiveCfg = Debug|Any CPU
		{092EF03C-D2CA-4CF0-9D76-911BFD4E916C}.Debug|Any CPU.Build.0 = Debug|Any CPU
		{092EF03C-D2CA-4CF0-9D76-911BFD4E916C}.Debug|ARM.ActiveCfg = Debug|Any CPU
		{092EF03C-D2CA-4CF0-9D76-911BFD4E916C}.Debug|ARM.Build.0 = Debug|Any CPU
		{092EF03C-D2CA-4CF0-9D76-911BFD4E916C}.Debug|x64.ActiveCfg = Debug|Any CPU
		{092EF03C-D2CA-4CF0-9D76-911BFD4E916C}.Debug|x64.Build.0 = Debug|Any CPU
		{092EF03C-D2CA-4CF0-9D76-911BFD4E916C}.Debug|x86.ActiveCfg = Debug|Any CPU
		{092EF03C-D2CA-4CF0-9D76-911BFD4E916C}.Debug|x86.Build.0 = Debug|Any CPU
		{092EF03C-D2CA-4CF0-9D76-911BFD4E916C}.Release|Any CPU.ActiveCfg = Release|Any CPU
		{092EF03C-D2CA-4CF0-9D76-911BFD4E916C}.Release|Any CPU.Build.0 = Release|Any CPU
		{092EF03C-D2CA-4CF0-9D76-911BFD4E916C}.Release|ARM.ActiveCfg = Release|Any CPU
		{092EF03C-D2CA-4CF0-9D76-911BFD4E916C}.Release|ARM.Build.0 = Release|Any CPU
		{092EF03C-D2CA-4CF0-9D76-911BFD4E916C}.Release|x64.ActiveCfg = Release|Any CPU
		{092EF03C-D2CA-4CF0-9D76-911BFD4E916C}.Release|x64.Build.0 = Release|Any CPU
		{092EF03C-D2CA-4CF0-9D76-911BFD4E916C}.Release|x86.ActiveCfg = Release|Any CPU
		{092EF03C-D2CA-4CF0-9D76-911BFD4E916C}.Release|x86.Build.0 = Release|Any CPU
		{5658695E-6F30-4FC4-9280-30FB9C408683}.Debug|Any CPU.ActiveCfg = Debug|Any CPU
		{5658695E-6F30-4FC4-9280-30FB9C408683}.Debug|Any CPU.Build.0 = Debug|Any CPU
		{5658695E-6F30-4FC4-9280-30FB9C408683}.Debug|ARM.ActiveCfg = Debug|Any CPU
		{5658695E-6F30-4FC4-9280-30FB9C408683}.Debug|ARM.Build.0 = Debug|Any CPU
		{5658695E-6F30-4FC4-9280-30FB9C408683}.Debug|x64.ActiveCfg = Debug|Any CPU
		{5658695E-6F30-4FC4-9280-30FB9C408683}.Debug|x64.Build.0 = Debug|Any CPU
		{5658695E-6F30-4FC4-9280-30FB9C408683}.Debug|x86.ActiveCfg = Debug|Any CPU
		{5658695E-6F30-4FC4-9280-30FB9C408683}.Debug|x86.Build.0 = Debug|Any CPU
		{5658695E-6F30-4FC4-9280-30FB9C408683}.Release|Any CPU.ActiveCfg = Release|Any CPU
		{5658695E-6F30-4FC4-9280-30FB9C408683}.Release|Any CPU.Build.0 = Release|Any CPU
		{5658695E-6F30-4FC4-9280-30FB9C408683}.Release|ARM.ActiveCfg = Release|Any CPU
		{5658695E-6F30-4FC4-9280-30FB9C408683}.Release|ARM.Build.0 = Release|Any CPU
		{5658695E-6F30-4FC4-9280-30FB9C408683}.Release|x64.ActiveCfg = Release|Any CPU
		{5658695E-6F30-4FC4-9280-30FB9C408683}.Release|x64.Build.0 = Release|Any CPU
		{5658695E-6F30-4FC4-9280-30FB9C408683}.Release|x86.ActiveCfg = Release|Any CPU
		{5658695E-6F30-4FC4-9280-30FB9C408683}.Release|x86.Build.0 = Release|Any CPU
		{271A7FCE-F294-4968-92FA-5EFA5A45D6BD}.Debug|Any CPU.ActiveCfg = Debug|Any CPU
		{271A7FCE-F294-4968-92FA-5EFA5A45D6BD}.Debug|Any CPU.Build.0 = Debug|Any CPU
		{271A7FCE-F294-4968-92FA-5EFA5A45D6BD}.Debug|ARM.ActiveCfg = Debug|Any CPU
		{271A7FCE-F294-4968-92FA-5EFA5A45D6BD}.Debug|ARM.Build.0 = Debug|Any CPU
		{271A7FCE-F294-4968-92FA-5EFA5A45D6BD}.Debug|x64.ActiveCfg = Debug|Any CPU
		{271A7FCE-F294-4968-92FA-5EFA5A45D6BD}.Debug|x64.Build.0 = Debug|Any CPU
		{271A7FCE-F294-4968-92FA-5EFA5A45D6BD}.Debug|x86.ActiveCfg = Debug|Any CPU
		{271A7FCE-F294-4968-92FA-5EFA5A45D6BD}.Debug|x86.Build.0 = Debug|Any CPU
		{271A7FCE-F294-4968-92FA-5EFA5A45D6BD}.Release|Any CPU.ActiveCfg = Release|Any CPU
		{271A7FCE-F294-4968-92FA-5EFA5A45D6BD}.Release|Any CPU.Build.0 = Release|Any CPU
		{271A7FCE-F294-4968-92FA-5EFA5A45D6BD}.Release|ARM.ActiveCfg = Release|Any CPU
		{271A7FCE-F294-4968-92FA-5EFA5A45D6BD}.Release|ARM.Build.0 = Release|Any CPU
		{271A7FCE-F294-4968-92FA-5EFA5A45D6BD}.Release|x64.ActiveCfg = Release|Any CPU
		{271A7FCE-F294-4968-92FA-5EFA5A45D6BD}.Release|x64.Build.0 = Release|Any CPU
		{271A7FCE-F294-4968-92FA-5EFA5A45D6BD}.Release|x86.ActiveCfg = Release|Any CPU
		{271A7FCE-F294-4968-92FA-5EFA5A45D6BD}.Release|x86.Build.0 = Release|Any CPU
	EndGlobalSection
	GlobalSection(SolutionProperties) = preSolution
		HideSolutionNode = FALSE
	EndGlobalSection
	GlobalSection(NestedProjects) = preSolution
		{50DDF727-E04D-44FA-9256-53BB3B9321AA} = {EC5D5C83-54FC-4A4A-9518-2EA562EF88B3}
		{2219F296-69CC-4905-9850-682F0CABE7B7} = {EC5D5C83-54FC-4A4A-9518-2EA562EF88B3}
		{092EF03C-D2CA-4CF0-9D76-911BFD4E916C} = {EC5D5C83-54FC-4A4A-9518-2EA562EF88B3}
	EndGlobalSection
EndGlobal
